{
  "name": "json2java-properties-formatter",
  "version": "0.2.0",
  "lockfileVersion": 1,
  "requires": true,
  "dependencies": {
    "lodash.trimend": {
      "version": "4.5.1",
      "resolved": "https://registry.npmjs.org/lodash.trimend/-/lodash.trimend-4.5.1.tgz",
      "integrity": "sha1-EoBENyhrmMrYmWt5QU4RMAEUCC8="
    },
    "lodash.trimstart": {
      "version": "4.5.1",
      "resolved": "https://registry.npmjs.org/lodash.trimstart/-/lodash.trimstart-4.5.1.tgz",
      "integrity": "sha1-j/TexTLYJIavWVc8OURZFOlEp/E="
    }
  }
}
